
Microsoft Visual Studio Solution File, Format Version 11.00
# Visual Studio 2010
Project("{FAE04EC0-301F-11D3-BF4B-00C04F79EFBC}") = "Mobile_Survival_(3D)", "Assembly-CSharp.csproj", "{A8B5C508-728C-2B9C-9D15-A8D5E96883C9}"
EndProject
Global
	GlobalSection(SolutionConfigurationPlatforms) = preSolution
		Debug|Any CPU = Debug|Any CPU
		Release|Any CPU = Release|Any CPU
	EndGlobalSection
	GlobalSection(ProjectConfigurationPlatforms) = postSolution
		{A8B5C508-728C-2B9C-9D15-A8D5E96883C9}.Debug|Any CPU.ActiveCfg = Debug|Any CPU
		{A8B5C508-728C-2B9C-9D15-A8D5E96883C9}.Debug|Any CPU.Build.0 = Debug|Any CPU
		{A8B5C508-728C-2B9C-9D15-A8D5E96883C9}.Release|Any CPU.ActiveCfg = Release|Any CPU
		{A8B5C508-728C-2B9C-9D15-A8D5E96883C9}.Release|Any CPU.Build.0 = Release|Any CPU
	EndGlobalSection
	GlobalSection(SolutionProperties) = preSolution
		HideSolutionNode = FALSE
	EndGlobalSection
	GlobalSection(MonoDevelopProperties) = preSolution
		StartupItem = Assembly-CSharp.csproj
	EndGlobalSection
EndGlobal
